
Microsoft Visual Studio Solution File, Format Version 12.00
# Visual Studio 15
VisualStudioVersion = 15.0.28307.572
MinimumVisualStudioVersion = 10.0.40219.1
Project("{FAE04EC0-301F-11D3-BF4B-00C04F79EFBC}") = "EcommerceProject", "EcommerceProject\EcommerceProject.csproj", "{9FB94D3C-2E0F-4153-9D7D-EE147027B11B}"
EndProject
Project("{FAE04EC0-301F-11D3-BF4B-00C04F79EFBC}") = "DatabaseContext", "DatabaseContext\DatabaseContext.csproj", "{1FF5BF6C-DAD9-4BC4-853F-BF43D4150D85}"
EndProject
Project("{FAE04EC0-301F-11D3-BF4B-00C04F79EFBC}") = "BLL", "BLL\BLL.csproj", "{BD1B3291-DFA5-40A2-8F8D-5CE7699CF3C7}"
EndProject
Project("{FAE04EC0-301F-11D3-BF4B-00C04F79EFBC}") = "Models", "Models\Models.csproj", "{66B30EDE-6B27-4982-B967-FAE07FEA1407}"
EndProject
Project("{FAE04EC0-301F-11D3-BF4B-00C04F79EFBC}") = "Repositories", "Repositories\Repositories.csproj", "{413A3C07-EE8B-4181-8792-CCCD8B8BA3E6}"
EndProject
Global
	GlobalSection(SolutionConfigurationPlatforms) = preSolution
		Debug|Any CPU = Debug|Any CPU
		Release|Any CPU = Release|Any CPU
	EndGlobalSection
	GlobalSection(ProjectConfigurationPlatforms) = postSolution
		{9FB94D3C-2E0F-4153-9D7D-EE147027B11B}.Debug|Any CPU.ActiveCfg = Debug|Any CPU
		{9FB94D3C-2E0F-4153-9D7D-EE147027B11B}.Debug|Any CPU.Build.0 = Debug|Any CPU
		{9FB94D3C-2E0F-4153-9D7D-EE147027B11B}.Release|Any CPU.ActiveCfg = Release|Any CPU
		{9FB94D3C-2E0F-4153-9D7D-EE147027B11B}.Release|Any CPU.Build.0 = Release|Any CPU
		{1FF5BF6C-DAD9-4BC4-853F-BF43D4150D85}.Debug|Any CPU.ActiveCfg = Debug|Any CPU
		{1FF5BF6C-DAD9-4BC4-853F-BF43D4150D85}.Debug|Any CPU.Build.0 = Debug|Any CPU
		{1FF5BF6C-DAD9-4BC4-853F-BF43D4150D85}.Release|Any CPU.ActiveCfg = Release|Any CPU
		{1FF5BF6C-DAD9-4BC4-853F-BF43D4150D85}.Release|Any CPU.Build.0 = Release|Any CPU
		{BD1B3291-DFA5-40A2-8F8D-5CE7699CF3C7}.Debug|Any CPU.ActiveCfg = Debug|Any CPU
		{BD1B3291-DFA5-40A2-8F8D-5CE7699CF3C7}.Debug|Any CPU.Build.0 = Debug|Any CPU
		{BD1B3291-DFA5-40A2-8F8D-5CE7699CF3C7}.Release|Any CPU.ActiveCfg = Release|Any CPU
		{BD1B3291-DFA5-40A2-8F8D-5CE7699CF3C7}.Release|Any CPU.Build.0 = Release|Any CPU
		{66B30EDE-6B27-4982-B967-FAE07FEA1407}.Debug|Any CPU.ActiveCfg = Debug|Any CPU
		{66B30EDE-6B27-4982-B967-FAE07FEA1407}.Debug|Any CPU.Build.0 = Debug|Any CPU
		{66B30EDE-6B27-4982-B967-FAE07FEA1407}.Release|Any CPU.ActiveCfg = Release|Any CPU
		{66B30EDE-6B27-4982-B967-FAE07FEA1407}.Release|Any CPU.Build.0 = Release|Any CPU
		{413A3C07-EE8B-4181-8792-CCCD8B8BA3E6}.Debug|Any CPU.ActiveCfg = Debug|Any CPU
		{413A3C07-EE8B-4181-8792-CCCD8B8BA3E6}.Debug|Any CPU.Build.0 = Debug|Any CPU
		{413A3C07-EE8B-4181-8792-CCCD8B8BA3E6}.Release|Any CPU.ActiveCfg = Release|Any CPU
		{413A3C07-EE8B-4181-8792-CCCD8B8BA3E6}.Release|Any CPU.Build.0 = Release|Any CPU
	EndGlobalSection
	GlobalSection(SolutionProperties) = preSolution
		HideSolutionNode = FALSE
	EndGlobalSection
	GlobalSection(ExtensibilityGlobals) = postSolution
		SolutionGuid = {E0F2EDA8-3FF9-4A6D-813B-C55AEF60695B}
	EndGlobalSection
EndGlobal
